
Microsoft Visual Studio Solution File, Format Version 12.00
# Visual Studio Version 17
VisualStudioVersion = 17.2.32616.157
MinimumVisualStudioVersion = 10.0.40219.1
Project("{FAE04EC0-301F-11D3-BF4B-00C04F79EFBC}") = "ConsoleApp1", "ConsoleApp1\ConsoleApp1.csproj", "{00C56760-E264-4846-B22A-BB31F691F731}"
EndProject
Global
	GlobalSection(SolutionConfigurationPlatforms) = preSolution
		Debug|Any CPU = Debug|Any CPU
		Release|Any CPU = Release|Any CPU
	EndGlobalSection
	GlobalSection(ProjectConfigurationPlatforms) = postSolution
		{00C56760-E264-4846-B22A-BB31F691F731}.Debug|Any CPU.ActiveCfg = Debug|Any CPU
		{00C56760-E264-4846-B22A-BB31F691F731}.Debug|Any CPU.Build.0 = Debug|Any CPU
		{00C56760-E264-4846-B22A-BB31F691F731}.Release|Any CPU.ActiveCfg = Release|Any CPU
		{00C56760-E264-4846-B22A-BB31F691F731}.Release|Any CPU.Build.0 = Release|Any CPU
	EndGlobalSection
	GlobalSection(SolutionProperties) = preSolution
		HideSolutionNode = FALSE
	EndGlobalSection
	GlobalSection(ExtensibilityGlobals) = postSolution
		SolutionGuid = {CC56F2DB-FD4E-4E8F-A443-037A33B164C0}
	EndGlobalSection
EndGlobal
